
Microsoft Visual Studio Solution File, Format Version 12.00
# Visual Studio 14
VisualStudioVersion = 14.0.24720.0
MinimumVisualStudioVersion = 10.0.40219.1
Project("{FAE04EC0-301F-11D3-BF4B-00C04F79EFBC}") = "MakeMeAPassword.Web", "MakeMeAPassword.Web\MakeMeAPassword.Web.csproj", "{AD6A9B09-3CAF-429E-84C8-CD8F31A0C166}"
EndProject
Project("{FAE04EC0-301F-11D3-BF4B-00C04F79EFBC}") = "Benchmarks", "Benchmarks\Benchmarks.csproj", "{730C44D7-E43E-4BB0-BA33-3754C2B6D325}"
EndProject
Global
	GlobalSection(SolutionConfigurationPlatforms) = preSolution
		Debug|Any CPU = Debug|Any CPU
		NoHttps|Any CPU = NoHttps|Any CPU
		Release|Any CPU = Release|Any CPU
	EndGlobalSection
	GlobalSection(ProjectConfigurationPlatforms) = postSolution
		{AD6A9B09-3CAF-429E-84C8-CD8F31A0C166}.Debug|Any CPU.ActiveCfg = Debug|Any CPU
		{AD6A9B09-3CAF-429E-84C8-CD8F31A0C166}.Debug|Any CPU.Build.0 = Debug|Any CPU
		{AD6A9B09-3CAF-429E-84C8-CD8F31A0C166}.NoHttps|Any CPU.ActiveCfg = NoHttps|Any CPU
		{AD6A9B09-3CAF-429E-84C8-CD8F31A0C166}.NoHttps|Any CPU.Build.0 = NoHttps|Any CPU
		{AD6A9B09-3CAF-429E-84C8-CD8F31A0C166}.Release|Any CPU.ActiveCfg = Release|Any CPU
		{AD6A9B09-3CAF-429E-84C8-CD8F31A0C166}.Release|Any CPU.Build.0 = Release|Any CPU
		{730C44D7-E43E-4BB0-BA33-3754C2B6D325}.Debug|Any CPU.ActiveCfg = Debug|Any CPU
		{730C44D7-E43E-4BB0-BA33-3754C2B6D325}.Debug|Any CPU.Build.0 = Debug|Any CPU
		{730C44D7-E43E-4BB0-BA33-3754C2B6D325}.NoHttps|Any CPU.ActiveCfg = Release|Any CPU
		{730C44D7-E43E-4BB0-BA33-3754C2B6D325}.NoHttps|Any CPU.Build.0 = Release|Any CPU
		{730C44D7-E43E-4BB0-BA33-3754C2B6D325}.Release|Any CPU.ActiveCfg = Release|Any CPU
		{730C44D7-E43E-4BB0-BA33-3754C2B6D325}.Release|Any CPU.Build.0 = Release|Any CPU
	EndGlobalSection
	GlobalSection(SolutionProperties) = preSolution
		HideSolutionNode = FALSE
	EndGlobalSection
EndGlobal
