
Microsoft Visual Studio Solution File, Format Version 12.00
# Visual Studio Version 17
VisualStudioVersion = 17.3.32804.467
MinimumVisualStudioVersion = 10.0.40219.1
Project("{FAE04EC0-301F-11D3-BF4B-00C04F79EFBC}") = "MakeMeAPassword.Web", "MakeMeAPassword.Web\MakeMeAPassword.Web.csproj", "{AD6A9B09-3CAF-429E-84C8-CD8F31A0C166}"
EndProject
Project("{FAE04EC0-301F-11D3-BF4B-00C04F79EFBC}") = "Benchmarks", "Benchmarks\Benchmarks.csproj", "{730C44D7-E43E-4BB0-BA33-3754C2B6D325}"
EndProject
Project("{9A19103F-16F7-4668-BE54-9A1E7A4F7556}") = "Web.NetCore", "Web.NetCore\Web.NetCore.csproj", "{37CF0EC6-31C9-474C-87CC-D0FDB16A9FDE}"
EndProject
Project("{FAE04EC0-301F-11D3-BF4B-00C04F79EFBC}") = "Web.Net60", "Web.Net60\Web.Net60.csproj", "{C87D78B2-E8D6-4E33-8227-358F4827096E}"
EndProject
Global
	GlobalSection(SolutionConfigurationPlatforms) = preSolution
		Debug|Any CPU = Debug|Any CPU
		NoHttps|Any CPU = NoHttps|Any CPU
		Release|Any CPU = Release|Any CPU
	EndGlobalSection
	GlobalSection(ProjectConfigurationPlatforms) = postSolution
		{AD6A9B09-3CAF-429E-84C8-CD8F31A0C166}.Debug|Any CPU.ActiveCfg = Debug|Any CPU
		{AD6A9B09-3CAF-429E-84C8-CD8F31A0C166}.Debug|Any CPU.Build.0 = Debug|Any CPU
		{AD6A9B09-3CAF-429E-84C8-CD8F31A0C166}.NoHttps|Any CPU.ActiveCfg = NoHttps|Any CPU
		{AD6A9B09-3CAF-429E-84C8-CD8F31A0C166}.NoHttps|Any CPU.Build.0 = NoHttps|Any CPU
		{AD6A9B09-3CAF-429E-84C8-CD8F31A0C166}.Release|Any CPU.ActiveCfg = Release|Any CPU
		{AD6A9B09-3CAF-429E-84C8-CD8F31A0C166}.Release|Any CPU.Build.0 = Release|Any CPU
		{730C44D7-E43E-4BB0-BA33-3754C2B6D325}.Debug|Any CPU.ActiveCfg = Debug|Any CPU
		{730C44D7-E43E-4BB0-BA33-3754C2B6D325}.Debug|Any CPU.Build.0 = Debug|Any CPU
		{730C44D7-E43E-4BB0-BA33-3754C2B6D325}.NoHttps|Any CPU.ActiveCfg = Release|Any CPU
		{730C44D7-E43E-4BB0-BA33-3754C2B6D325}.NoHttps|Any CPU.Build.0 = Release|Any CPU
		{730C44D7-E43E-4BB0-BA33-3754C2B6D325}.Release|Any CPU.ActiveCfg = Release|Any CPU
		{730C44D7-E43E-4BB0-BA33-3754C2B6D325}.Release|Any CPU.Build.0 = Release|Any CPU
		{37CF0EC6-31C9-474C-87CC-D0FDB16A9FDE}.Debug|Any CPU.ActiveCfg = Debug|Any CPU
		{37CF0EC6-31C9-474C-87CC-D0FDB16A9FDE}.Debug|Any CPU.Build.0 = Debug|Any CPU
		{37CF0EC6-31C9-474C-87CC-D0FDB16A9FDE}.NoHttps|Any CPU.ActiveCfg = Debug|Any CPU
		{37CF0EC6-31C9-474C-87CC-D0FDB16A9FDE}.NoHttps|Any CPU.Build.0 = Debug|Any CPU
		{37CF0EC6-31C9-474C-87CC-D0FDB16A9FDE}.Release|Any CPU.ActiveCfg = Release|Any CPU
		{37CF0EC6-31C9-474C-87CC-D0FDB16A9FDE}.Release|Any CPU.Build.0 = Release|Any CPU
		{C87D78B2-E8D6-4E33-8227-358F4827096E}.Debug|Any CPU.ActiveCfg = Debug|Any CPU
		{C87D78B2-E8D6-4E33-8227-358F4827096E}.Debug|Any CPU.Build.0 = Debug|Any CPU
		{C87D78B2-E8D6-4E33-8227-358F4827096E}.NoHttps|Any CPU.ActiveCfg = Debug|Any CPU
		{C87D78B2-E8D6-4E33-8227-358F4827096E}.NoHttps|Any CPU.Build.0 = Debug|Any CPU
		{C87D78B2-E8D6-4E33-8227-358F4827096E}.Release|Any CPU.ActiveCfg = Release|Any CPU
		{C87D78B2-E8D6-4E33-8227-358F4827096E}.Release|Any CPU.Build.0 = Release|Any CPU
	EndGlobalSection
	GlobalSection(SolutionProperties) = preSolution
		HideSolutionNode = FALSE
	EndGlobalSection
	GlobalSection(ExtensibilityGlobals) = postSolution
		SolutionGuid = {96C1537B-1432-4562-95AF-5C4E016177C7}
	EndGlobalSection
EndGlobal
